
Microsoft Visual Studio Solution File, Format Version 12.00
# Visual Studio Version 17
VisualStudioVersion = 17.1.32319.34
MinimumVisualStudioVersion = 10.0.40219.1
Project("{FAE04EC0-301F-11D3-BF4B-00C04F79EFBC}") = "Logout", "Logout\Logout.csproj", "{FF3A69D0-79FE-40CF-A853-107DE802CB81}"
EndProject
Project("{FAE04EC0-301F-11D3-BF4B-00C04F79EFBC}") = "Register_paetint", "Register_paetint\Register_paetint.csproj", "{BD4876B7-6B3A-4CAE-BC90-B631DEBDD131}"
EndProject
Project("{FAE04EC0-301F-11D3-BF4B-00C04F79EFBC}") = "View_patient", "View_patient\View_patient.csproj", "{4774FB0C-7948-4514-BCEE-6BACB17545EF}"
EndProject
Project("{FAE04EC0-301F-11D3-BF4B-00C04F79EFBC}") = "Book_an_appointment", "Book_an_appointment\Book_an_appointment.csproj", "{9733372C-6BCB-443D-803B-4AC04A290473}"
EndProject
Project("{FAE04EC0-301F-11D3-BF4B-00C04F79EFBC}") = "capture_Vital", "capture_Vital\capture_Vital.csproj", "{656610C7-B67A-449A-B8FC-191138DEA128}"
EndProject
Project("{FAE04EC0-301F-11D3-BF4B-00C04F79EFBC}") = "Search_patient", "Search_patient\Search_patient.csproj", "{1841C083-BC84-4FFF-BB49-C40201D886FA}"
EndProject
Project("{FAE04EC0-301F-11D3-BF4B-00C04F79EFBC}") = "mrsLibrary", "mrsLibrary\mrsLibrary.csproj", "{9115E842-DF4D-4FD1-A9D3-8F48462C3A88}"
EndProject
Project("{FAE04EC0-301F-11D3-BF4B-00C04F79EFBC}") = "Login", "Login\Login.csproj", "{7F25D5CE-464B-48C0-9571-F4AE4D7FE62F}"
EndProject
Global
	GlobalSection(SolutionConfigurationPlatforms) = preSolution
		Debug|Any CPU = Debug|Any CPU
		Release|Any CPU = Release|Any CPU
	EndGlobalSection
	GlobalSection(ProjectConfigurationPlatforms) = postSolution
		{FF3A69D0-79FE-40CF-A853-107DE802CB81}.Debug|Any CPU.ActiveCfg = Debug|Any CPU
		{FF3A69D0-79FE-40CF-A853-107DE802CB81}.Debug|Any CPU.Build.0 = Debug|Any CPU
		{FF3A69D0-79FE-40CF-A853-107DE802CB81}.Release|Any CPU.ActiveCfg = Release|Any CPU
		{FF3A69D0-79FE-40CF-A853-107DE802CB81}.Release|Any CPU.Build.0 = Release|Any CPU
		{BD4876B7-6B3A-4CAE-BC90-B631DEBDD131}.Debug|Any CPU.ActiveCfg = Debug|Any CPU
		{BD4876B7-6B3A-4CAE-BC90-B631DEBDD131}.Debug|Any CPU.Build.0 = Debug|Any CPU
		{BD4876B7-6B3A-4CAE-BC90-B631DEBDD131}.Release|Any CPU.ActiveCfg = Release|Any CPU
		{BD4876B7-6B3A-4CAE-BC90-B631DEBDD131}.Release|Any CPU.Build.0 = Release|Any CPU
		{4774FB0C-7948-4514-BCEE-6BACB17545EF}.Debug|Any CPU.ActiveCfg = Debug|Any CPU
		{4774FB0C-7948-4514-BCEE-6BACB17545EF}.Debug|Any CPU.Build.0 = Debug|Any CPU
		{4774FB0C-7948-4514-BCEE-6BACB17545EF}.Release|Any CPU.ActiveCfg = Release|Any CPU
		{4774FB0C-7948-4514-BCEE-6BACB17545EF}.Release|Any CPU.Build.0 = Release|Any CPU
		{9733372C-6BCB-443D-803B-4AC04A290473}.Debug|Any CPU.ActiveCfg = Debug|Any CPU
		{9733372C-6BCB-443D-803B-4AC04A290473}.Debug|Any CPU.Build.0 = Debug|Any CPU
		{9733372C-6BCB-443D-803B-4AC04A290473}.Release|Any CPU.ActiveCfg = Release|Any CPU
		{9733372C-6BCB-443D-803B-4AC04A290473}.Release|Any CPU.Build.0 = Release|Any CPU
		{656610C7-B67A-449A-B8FC-191138DEA128}.Debug|Any CPU.ActiveCfg = Debug|Any CPU
		{656610C7-B67A-449A-B8FC-191138DEA128}.Debug|Any CPU.Build.0 = Debug|Any CPU
		{656610C7-B67A-449A-B8FC-191138DEA128}.Release|Any CPU.ActiveCfg = Release|Any CPU
		{656610C7-B67A-449A-B8FC-191138DEA128}.Release|Any CPU.Build.0 = Release|Any CPU
		{1841C083-BC84-4FFF-BB49-C40201D886FA}.Debug|Any CPU.ActiveCfg = Debug|Any CPU
		{1841C083-BC84-4FFF-BB49-C40201D886FA}.Debug|Any CPU.Build.0 = Debug|Any CPU
		{1841C083-BC84-4FFF-BB49-C40201D886FA}.Release|Any CPU.ActiveCfg = Release|Any CPU
		{1841C083-BC84-4FFF-BB49-C40201D886FA}.Release|Any CPU.Build.0 = Release|Any CPU
		{9115E842-DF4D-4FD1-A9D3-8F48462C3A88}.Debug|Any CPU.ActiveCfg = Debug|Any CPU
		{9115E842-DF4D-4FD1-A9D3-8F48462C3A88}.Debug|Any CPU.Build.0 = Debug|Any CPU
		{9115E842-DF4D-4FD1-A9D3-8F48462C3A88}.Release|Any CPU.ActiveCfg = Release|Any CPU
		{9115E842-DF4D-4FD1-A9D3-8F48462C3A88}.Release|Any CPU.Build.0 = Release|Any CPU
		{7F25D5CE-464B-48C0-9571-F4AE4D7FE62F}.Debug|Any CPU.ActiveCfg = Debug|Any CPU
		{7F25D5CE-464B-48C0-9571-F4AE4D7FE62F}.Debug|Any CPU.Build.0 = Debug|Any CPU
		{7F25D5CE-464B-48C0-9571-F4AE4D7FE62F}.Release|Any CPU.ActiveCfg = Release|Any CPU
		{7F25D5CE-464B-48C0-9571-F4AE4D7FE62F}.Release|Any CPU.Build.0 = Release|Any CPU
	EndGlobalSection
	GlobalSection(SolutionProperties) = preSolution
		HideSolutionNode = FALSE
	EndGlobalSection
	GlobalSection(ExtensibilityGlobals) = postSolution
		SolutionGuid = {A9B585C1-BE8E-4256-AA42-4F1A8DBF6908}
	EndGlobalSection
EndGlobal
